// !$*UTF8*$!
{
	archiveVersion = 1;
	classes = {
	};
	objectVersion = 50;
	objects = {

/* Begin PBXBuildFile section */
		90034B7D228F7CC000884E5C /* AppDelegate.swift in Sources */ = {isa = PBXBuildFile; fileRef = 90034B7C228F7CC000884E5C /* AppDelegate.swift */; };
		90034B7F228F7CC000884E5C /* ViewController.swift in Sources */ = {isa = PBXBuildFile; fileRef = 90034B7E228F7CC000884E5C /* ViewController.swift */; };
		90034B82228F7CC000884E5C /* Main.storyboard in Resources */ = {isa = PBXBuildFile; fileRef = 90034B80228F7CC000884E5C /* Main.storyboard */; };
		90034B84228F7CC100884E5C /* Assets.xcassets in Resources */ = {isa = PBXBuildFile; fileRef = 90034B83228F7CC100884E5C /* Assets.xcassets */; };
		90034B87228F7CC100884E5C /* LaunchScreen.storyboard in Resources */ = {isa = PBXBuildFile; fileRef = 90034B85228F7CC100884E5C /* LaunchScreen.storyboard */; };
		90034B92228F7CC100884E5C /* WordParsingTests.swift in Sources */ = {isa = PBXBuildFile; fileRef = 90034B91228F7CC100884E5C /* WordParsingTests.swift */; };
		90034B9D228F7CC100884E5C /* WordParsingUITests.swift in Sources */ = {isa = PBXBuildFile; fileRef = 90034B9C228F7CC100884E5C /* WordParsingUITests.swift */; };
/* End PBXBuildFile section */

/* Begin PBXContainerItemProxy section */
		90034B8E228F7CC100884E5C /* PBXContainerItemProxy */ = {
			isa = PBXContainerItemProxy;
			containerPortal = 90034B71228F7CC000884E5C /* Project object */;
			proxyType = 1;
			remoteGlobalIDString = 90034B78228F7CC000884E5C;
			remoteInfo = WordParsing;
		};
		90034B99228F7CC100884E5C /* PBXContainerItemProxy */ = {
			isa = PBXContainerItemProxy;
			containerPortal = 90034B71228F7CC000884E5C /* Project object */;
			proxyType = 1;
			remoteGlobalIDString = 90034B78228F7CC000884E5C;
			remoteInfo = WordParsing;
		};
/* End PBXContainerItemProxy section */

/* Begin PBXFileReference section */
		90034B79228F7CC000884E5C /* WordParsing.app */ = {isa = PBXFileReference; explicitFileType = wrapper.application; includeInIndex = 0; path = WordParsing.app; sourceTree = BUILT_PRODUCTS_DIR; };
		90034B7C228F7CC000884E5C /* AppDelegate.swift */ = {isa = PBXFileReference; lastKnownFileType = sourcecode.swift; path = AppDelegate.swift; sourceTree = "<group>"; };
		90034B7E228F7CC000884E5C /* ViewController.swift */ = {isa = PBXFileReference; lastKnownFileType = sourcecode.swift; path = ViewController.swift; sourceTree = "<group>"; };
		90034B81228F7CC000884E5C /* Base */ = {isa = PBXFileReference; lastKnownFileType = file.storyboard; name = Base; path = Base.lproj/Main.storyboard; sourceTree = "<group>"; };
		90034B83228F7CC100884E5C /* Assets.xcassets */ = {isa = PBXFileReference; lastKnownFileType = folder.assetcatalog; path = Assets.xcassets; sourceTree = "<group>"; };
		90034B86228F7CC100884E5C /* Base */ = {isa = PBXFileReference; lastKnownFileType = file.storyboard; name = Base; path = Base.lproj/LaunchScreen.storyboard; sourceTree = "<group>"; };
		90034B88228F7CC100884E5C /* Info.plist */ = {isa = PBXFileReference; lastKnownFileType = text.plist.xml; path = Info.plist; sourceTree = "<group>"; };
		90034B8D228F7CC100884E5C /* WordParsingTests.xctest */ = {isa = PBXFileReference; explicitFileType = wrapper.cfbundle; includeInIndex = 0; path = WordParsingTests.xctest; sourceTree = BUILT_PRODUCTS_DIR; };
		90034B91228F7CC100884E5C /* WordParsingTests.swift */ = {isa = PBXFileReference; lastKnownFileType = sourcecode.swift; path = WordParsingTests.swift; sourceTree = "<group>"; };
		90034B93228F7CC100884E5C /* Info.plist */ = {isa = PBXFileReference; lastKnownFileType = text.plist.xml; path = Info.plist; sourceTree = "<group>"; };
		90034B98228F7CC100884E5C /* WordParsingUITests.xctest */ = {isa = PBXFileReference; explicitFileType = wrapper.cfbundle; includeInIndex = 0; path = WordParsingUITests.xctest; sourceTree = BUILT_PRODUCTS_DIR; };
		90034B9C228F7CC100884E5C /* WordParsingUITests.swift */ = {isa = PBXFileReference; lastKnownFileType = sourcecode.swift; path = WordParsingUITests.swift; sourceTree = "<group>"; };
		90034B9E228F7CC100884E5C /* Info.plist */ = {isa = PBXFileReference; lastKnownFileType = text.plist.xml; path = Info.plist; sourceTree = "<group>"; };
/* End PBXFileReference section */

/* Begin PBXFrameworksBuildPhase section */
		90034B76228F7CC000884E5C /* Frameworks */ = {
			isa = PBXFrameworksBuildPhase;
			buildActionMask = 2147483647;
			files = (
			);
			runOnlyForDeploymentPostprocessing = 0;
		};
		90034B8A228F7CC100884E5C /* Frameworks */ = {
			isa = PBXFrameworksBuildPhase;
			buildActionMask = 2147483647;
			files = (
			);
			runOnlyForDeploymentPostprocessing = 0;
		};
		90034B95228F7CC100884E5C /* Frameworks */ = {
			isa = PBXFrameworksBuildPhase;
			buildActionMask = 2147483647;
			files = (
			);
			runOnlyForDeploymentPostprocessing = 0;
		};
/* End PBXFrameworksBuildPhase section */

/* Begin PBXGroup section */
		90034B70228F7CC000884E5C = {
			isa = PBXGroup;
			children = (
				90034B7B228F7CC000884E5C /* WordParsing */,
				90034B90228F7CC100884E5C /* WordParsingTests */,
				90034B9B228F7CC100884E5C /* WordParsingUITests */,
				90034B7A228F7CC000884E5C /* Products */,
			);
			sourceTree = "<group>";
		};
		90034B7A228F7CC000884E5C /* Products */ = {
			isa = PBXGroup;
			children = (
				90034B79228F7CC000884E5C /* WordParsing.app */,
				90034B8D228F7CC100884E5C /* WordParsingTests.xctest */,
				90034B98228F7CC100884E5C /* WordParsingUITests.xctest */,
			);
			name = Products;
			sourceTree = "<group>";
		};
		90034B7B228F7CC000884E5C /* WordParsing */ = {
			isa = PBXGroup;
			children = (
				90034B7C228F7CC000884E5C /* AppDelegate.swift */,
				90034B7E228F7CC000884E5C /* ViewController.swift */,
				90034B80228F7CC000884E5C /* Main.storyboard */,
				90034B83228F7CC100884E5C /* Assets.xcassets */,
				90034B85228F7CC100884E5C /* LaunchScreen.storyboard */,
				90034B88228F7CC100884E5C /* Info.plist */,
			);
			path = WordParsing;
			sourceTree = "<group>";
		};
		90034B90228F7CC100884E5C /* WordParsingTests */ = {
			isa = PBXGroup;
			children = (
				90034B91228F7CC100884E5C /* WordParsingTests.swift */,
				90034B93228F7CC100884E5C /* Info.plist */,
			);
			path = WordParsingTests;
			sourceTree = "<group>";
		};
		90034B9B228F7CC100884E5C /* WordParsingUITests */ = {
			isa = PBXGroup;
			children = (
				90034B9C228F7CC100884E5C /* WordParsingUITests.swift */,
				90034B9E228F7CC100884E5C /* Info.plist */,
			);
			path = WordParsingUITests;
			sourceTree = "<group>";
		};
/* End PBXGroup section */

/* Begin PBXNativeTarget section */
		90034B78228F7CC000884E5C /* WordParsing */ = {
			isa = PBXNativeTarget;
			buildConfigurationList = 90034BA1228F7CC100884E5C /* Build configuration list for PBXNativeTarget "WordParsing" */;
			buildPhases = (
				90034B75228F7CC000884E5C /* Sources */,
				90034B76228F7CC000884E5C /* Frameworks */,
				90034B77228F7CC000884E5C /* Resources */,
			);
			buildRules = (
			);
			dependencies = (
			);
			name = WordParsing;
			productName = WordParsing;
			productReference = 90034B79228F7CC000884E5C /* WordParsing.app */;
			productType = "com.apple.product-type.application";
		};
		90034B8C228F7CC100884E5C /* WordParsingTests */ = {
			isa = PBXNativeTarget;
			buildConfigurationList = 90034BA4228F7CC100884E5C /* Build configuration list for PBXNativeTarget "WordParsingTests" */;
			buildPhases = (
				90034B89228F7CC100884E5C /* Sources */,
				90034B8A228F7CC100884E5C /* Frameworks */,
				90034B8B228F7CC100884E5C /* Resources */,
			);
			buildRules = (
			);
			dependencies = (
				90034B8F228F7CC100884E5C /* PBXTargetDependency */,
			);
			name = WordParsingTests;
			productName = WordParsingTests;
			productReference = 90034B8D228F7CC100884E5C /* WordParsingTests.xctest */;
			productType = "com.apple.product-type.bundle.unit-test";
		};
		90034B97228F7CC100884E5C /* WordParsingUITests */ = {
			isa = PBXNativeTarget;
			buildConfigurationList = 90034BA7228F7CC100884E5C /* Build configuration list for PBXNativeTarget "WordParsingUITests" */;
			buildPhases = (
				90034B94228F7CC100884E5C /* Sources */,
				90034B95228F7CC100884E5C /* Frameworks */,
				90034B96228F7CC100884E5C /* Resources */,
			);
			buildRules = (
			);
			dependencies = (
				90034B9A228F7CC100884E5C /* PBXTargetDependency */,
			);
			name = WordParsingUITests;
			productName = WordParsingUITests;
			productReference = 90034B98228F7CC100884E5C /* WordParsingUITests.xctest */;
			productType = "com.apple.product-type.bundle.ui-testing";
		};
/* End PBXNativeTarget section */

/* Begin PBXProject section */
		90034B71228F7CC000884E5C /* Project object */ = {
			isa = PBXProject;
			attributes = {
				LastSwiftUpdateCheck = 1020;
				LastUpgradeCheck = 1020;
				ORGANIZATIONNAME = "Gokul K Narasimhan";
				TargetAttributes = {
					90034B78228F7CC000884E5C = {
						CreatedOnToolsVersion = 10.2.1;
					};
					90034B8C228F7CC100884E5C = {
						CreatedOnToolsVersion = 10.2.1;
						TestTargetID = 90034B78228F7CC000884E5C;
					};
					90034B97228F7CC100884E5C = {
						CreatedOnToolsVersion = 10.2.1;
						TestTargetID = 90034B78228F7CC000884E5C;
					};
				};
			};
			buildConfigurationList = 90034B74228F7CC000884E5C /* Build configuration list for PBXProject "WordParsing" */;
			compatibilityVersion = "Xcode 9.3";
			developmentRegion = en;
			hasScannedForEncodings = 0;
			knownRegions = (
				en,
				Base,
			);
			mainGroup = 90034B70228F7CC000884E5C;
			productRefGroup = 90034B7A228F7CC000884E5C /* Products */;
			projectDirPath = "";
			projectRoot = "";
			targets = (
				90034B78228F7CC000884E5C /* WordParsing */,
				90034B8C228F7CC100884E5C /* WordParsingTests */,
				90034B97228F7CC100884E5C /* WordParsingUITests */,
			);
		};
/* End PBXProject section */

/* Begin PBXResourcesBuildPhase section */
		90034B77228F7CC000884E5C /* Resources */ = {
			isa = PBXResourcesBuildPhase;
			buildActionMask = 2147483647;
			files = (
				90034B87228F7CC100884E5C /* LaunchScreen.storyboard in Resources */,
				90034B84228F7CC100884E5C /* Assets.xcassets in Resources */,
				90034B82228F7CC000884E5C /* Main.storyboard in Resources */,
			);
			runOnlyForDeploymentPostprocessing = 0;
		};
		90034B8B228F7CC100884E5C /* Resources */ = {
			isa = PBXResourcesBuildPhase;
			buildActionMask = 2147483647;
			files = (
			);
			runOnlyForDeploymentPostprocessing = 0;
		};
		90034B96228F7CC100884E5C /* Resources */ = {
			isa = PBXResourcesBuildPhase;
			buildActionMask = 2147483647;
			files = (
			);
			runOnlyForDeploymentPostprocessing = 0;
		};
/* End PBXResourcesBuildPhase section */

/* Begin PBXSourcesBuildPhase section */
		90034B75228F7CC000884E5C /* Sources */ = {
			isa = PBXSourcesBuildPhase;
			buildActionMask = 2147483647;
			files = (
				90034B7F228F7CC000884E5C /* ViewController.swift in Sources */,
				90034B7D228F7CC000884E5C /* AppDelegate.swift in Sources */,
			);
			runOnlyForDeploymentPostprocessing = 0;
		};
		90034B89228F7CC100884E5C /* Sources */ = {
			isa = PBXSourcesBuildPhase;
			buildActionMask = 2147483647;
			files = (
				90034B92228F7CC100884E5C /* WordParsingTests.swift in Sources */,
			);
			runOnlyForDeploymentPostprocessing = 0;
		};
		90034B94228F7CC100884E5C /* Sources */ = {
			isa = PBXSourcesBuildPhase;
			buildActionMask = 2147483647;
			files = (
				90034B9D228F7CC100884E5C /* WordParsingUITests.swift in Sources */,
			);
			runOnlyForDeploymentPostprocessing = 0;
		};
/* End PBXSourcesBuildPhase section */

/* Begin PBXTargetDependency section */
		90034B8F228F7CC100884E5C /* PBXTargetDependency */ = {
			isa = PBXTargetDependency;
			target = 90034B78228F7CC000884E5C /* WordParsing */;
			targetProxy = 90034B8E228F7CC100884E5C /* PBXContainerItemProxy */;
		};
		90034B9A228F7CC100884E5C /* PBXTargetDependency */ = {
			isa = PBXTargetDependency;
			target = 90034B78228F7CC000884E5C /* WordParsing */;
			targetProxy = 90034B99228F7CC100884E5C /* PBXContainerItemProxy */;
		};
/* End PBXTargetDependency section */

/* Begin PBXVariantGroup section */
		90034B80228F7CC000884E5C /* Main.storyboard */ = {
			isa = PBXVariantGroup;
			children = (
				90034B81228F7CC000884E5C /* Base */,
			);
			name = Main.storyboard;
			sourceTree = "<group>";
		};
		90034B85228F7CC100884E5C /* LaunchScreen.storyboard */ = {
			isa = PBXVariantGroup;
			children = (
				90034B86228F7CC100884E5C /* Base */,
			);
			name = LaunchScreen.storyboard;
			sourceTree = "<group>";
		};
/* End PBXVariantGroup section */

/* Begin XCBuildConfiguration section */
		90034B9F228F7CC100884E5C /* Debug */ = {
			isa = XCBuildConfiguration;
			buildSettings = {
				ALWAYS_SEARCH_USER_PATHS = NO;
				CLANG_ANALYZER_NONNULL = YES;
				CLANG_ANALYZER_NUMBER_OBJECT_CONVERSION = YES_AGGRESSIVE;
				CLANG_CXX_LANGUAGE_STANDARD = "gnu++14";
				CLANG_CXX_LIBRARY = "libc++";
				CLANG_ENABLE_MODULES = YES;
				CLANG_ENABLE_OBJC_ARC = YES;
				CLANG_ENABLE_OBJC_WEAK = YES;
				CLANG_WARN_BLOCK_CAPTURE_AUTORELEASING = YES;
				CLANG_WARN_BOOL_CONVERSION = YES;
				CLANG_WARN_COMMA = YES;
				CLANG_WARN_CONSTANT_CONVERSION = YES;
				CLANG_WARN_DEPRECATED_OBJC_IMPLEMENTATIONS = YES;
				CLANG_WARN_DIRECT_OBJC_ISA_USAGE = YES_ERROR;
				CLANG_WARN_DOCUMENTATION_COMMENTS = YES;
				CLANG_WARN_EMPTY_BODY = YES;
				CLANG_WARN_ENUM_CONVERSION = YES;
				CLANG_WARN_INFINITE_RECURSION = YES;
				CLANG_WARN_INT_CONVERSION = YES;
				CLANG_WARN_NON_LITERAL_NULL_CONVERSION = YES;
				CLANG_WARN_OBJC_IMPLICIT_RETAIN_SELF = YES;
				CLANG_WARN_OBJC_LITERAL_CONVERSION = YES;
				CLANG_WARN_OBJC_ROOT_CLASS = YES_ERROR;
				CLANG_WARN_RANGE_LOOP_ANALYSIS = YES;
				CLANG_WARN_STRICT_PROTOTYPES = YES;
				CLANG_WARN_SUSPICIOUS_MOVE = YES;
				CLANG_WARN_UNGUARDED_AVAILABILITY = YES_AGGRESSIVE;
				CLANG_WARN_UNREACHABLE_CODE = YES;
				CLANG_WARN__DUPLICATE_METHOD_MATCH = YES;
				CODE_SIGN_IDENTITY = "iPhone Developer";
				COPY_PHASE_STRIP = NO;
				DEBUG_INFORMATION_FORMAT = dwarf;
				ENABLE_STRICT_OBJC_MSGSEND = YES;
				ENABLE_TESTABILITY = YES;
				GCC_C_LANGUAGE_STANDARD = gnu11;
				GCC_DYNAMIC_NO_PIC = NO;
				GCC_NO_COMMON_BLOCKS = YES;
				GCC_OPTIMIZATION_LEVEL = 0;
				GCC_PREPROCESSOR_DEFINITIONS = (
					"DEBUG=1",
					"$(inherited)",
				);
				GCC_WARN_64_TO_32_BIT_CONVERSION = YES;
				GCC_WARN_ABOUT_RETURN_TYPE = YES_ERROR;
				GCC_WARN_UNDECLARED_SELECTOR = YES;
				GCC_WARN_UNINITIALIZED_AUTOS = YES_AGGRESSIVE;
				GCC_WARN_UNUSED_FUNCTION = YES;
				GCC_WARN_UNUSED_VARIABLE = YES;
				IPHONEOS_DEPLOYMENT_TARGET = 12.2;
				MTL_ENABLE_DEBUG_INFO = INCLUDE_SOURCE;
				MTL_FAST_MATH = YES;
				ONLY_ACTIVE_ARCH = YES;
				SDKROOT = iphoneos;
				SWIFT_ACTIVE_COMPILATION_CONDITIONS = DEBUG;
				SWIFT_OPTIMIZATION_LEVEL = "-Onone";
			};
			name = Debug;
		};
		90034BA0228F7CC100884E5C /* Release */ = {
			isa = XCBuildConfiguration;
			buildSettings = {
				ALWAYS_SEARCH_USER_PATHS = NO;
				CLANG_ANALYZER_NONNULL = YES;
				CLANG_ANALYZER_NUMBER_OBJECT_CONVERSION = YES_AGGRESSIVE;
				CLANG_CXX_LANGUAGE_STANDARD = "gnu++14";
				CLANG_CXX_LIBRARY = "libc++";
				CLANG_ENABLE_MODULES = YES;
				CLANG_ENABLE_OBJC_ARC = YES;
				CLANG_ENABLE_OBJC_WEAK = YES;
				CLANG_WARN_BLOCK_CAPTURE_AUTORELEASING = YES;
				CLANG_WARN_BOOL_CONVERSION = YES;
				CLANG_WARN_COMMA = YES;
				CLANG_WARN_CONSTANT_CONVERSION = YES;
				CLANG_WARN_DEPRECATED_OBJC_IMPLEMENTATIONS = YES;
				CLANG_WARN_DIRECT_OBJC_ISA_USAGE = YES_ERROR;
				CLANG_WARN_DOCUMENTATION_COMMENTS = YES;
				CLANG_WARN_EMPTY_BODY = YES;
				CLANG_WARN_ENUM_CONVERSION = YES;
				CLANG_WARN_INFINITE_RECURSION = YES;
				CLANG_WARN_INT_CONVERSION = YES;
				CLANG_WARN_NON_LITERAL_NULL_CONVERSION = YES;
				CLANG_WARN_OBJC_IMPLICIT_RETAIN_SELF = YES;
				CLANG_WARN_OBJC_LITERAL_CONVERSION = YES;
				CLANG_WARN_OBJC_ROOT_CLASS = YES_ERROR;
				CLANG_WARN_RANGE_LOOP_ANALYSIS = YES;
				CLANG_WARN_STRICT_PROTOTYPES = YES;
				CLANG_WARN_SUSPICIOUS_MOVE = YES;
				CLANG_WARN_UNGUARDED_AVAILABILITY = YES_AGGRESSIVE;
				CLANG_WARN_UNREACHABLE_CODE = YES;
				CLANG_WARN__DUPLICATE_METHOD_MATCH = YES;
				CODE_SIGN_IDENTITY = "iPhone Developer";
				COPY_PHASE_STRIP = NO;
				DEBUG_INFORMATION_FORMAT = "dwarf-with-dsym";
				ENABLE_NS_ASSERTIONS = NO;
				ENABLE_STRICT_OBJC_MSGSEND = YES;
				GCC_C_LANGUAGE_STANDARD = gnu11;
				GCC_NO_COMMON_BLOCKS = YES;
				GCC_WARN_64_TO_32_BIT_CONVERSION = YES;
				GCC_WARN_ABOUT_RETURN_TYPE = YES_ERROR;
				GCC_WARN_UNDECLARED_SELECTOR = YES;
				GCC_WARN_UNINITIALIZED_AUTOS = YES_AGGRESSIVE;
				GCC_WARN_UNUSED_FUNCTION = YES;
				GCC_WARN_UNUSED_VARIABLE = YES;
				IPHONEOS_DEPLOYMENT_TARGET = 12.2;
				MTL_ENABLE_DEBUG_INFO = NO;
				MTL_FAST_MATH = YES;
				SDKROOT = iphoneos;
				SWIFT_COMPILATION_MODE = wholemodule;
				SWIFT_OPTIMIZATION_LEVEL = "-O";
				VALIDATE_PRODUCT = YES;
			};
			name = Release;
		};
		90034BA2228F7CC100884E5C /* Debug */ = {
			isa = XCBuildConfiguration;
			buildSettings = {
				ASSETCATALOG_COMPILER_APPICON_NAME = AppIcon;
				CODE_SIGN_STYLE = Automatic;
				DEVELOPMENT_TEAM = RTEDH52U6R;
				INFOPLIST_FILE = WordParsing/Info.plist;
				LD_RUNPATH_SEARCH_PATHS = (
					"$(inherited)",
					"@executable_path/Frameworks",
				);
				PRODUCT_BUNDLE_IDENTIFIER = "Gokul-K-Narasimhan.WordParsing";
				PRODUCT_NAME = "$(TARGET_NAME)";
				SWIFT_VERSION = 5.0;
				TARGETED_DEVICE_FAMILY = "1,2";
			};
			name = Debug;
		};
		90034BA3228F7CC100884E5C /* Release */ = {
			isa = XCBuildConfiguration;
			buildSettings = {
				ASSETCATALOG_COMPILER_APPICON_NAME = AppIcon;
				CODE_SIGN_STYLE = Automatic;
				DEVELOPMENT_TEAM = RTEDH52U6R;
				INFOPLIST_FILE = WordParsing/Info.plist;
				LD_RUNPATH_SEARCH_PATHS = (
					"$(inherited)",
					"@executable_path/Frameworks",
				);
				PRODUCT_BUNDLE_IDENTIFIER = "Gokul-K-Narasimhan.WordParsing";
				PRODUCT_NAME = "$(TARGET_NAME)";
				SWIFT_VERSION = 5.0;
				TARGETED_DEVICE_FAMILY = "1,2";
			};
			name = Release;
		};
		90034BA5228F7CC100884E5C /* Debug */ = {
			isa = XCBuildConfiguration;
			buildSettings = {
				ALWAYS_EMBED_SWIFT_STANDARD_LIBRARIES = YES;
				BUNDLE_LOADER = "$(TEST_HOST)";
				CODE_SIGN_STYLE = Automatic;
				DEVELOPMENT_TEAM = RTEDH52U6R;
				INFOPLIST_FILE = WordParsingTests/Info.plist;
				LD_RUNPATH_SEARCH_PATHS = (
					"$(inherited)",
					"@executable_path/Frameworks",
					"@loader_path/Frameworks",
				);
				PRODUCT_BUNDLE_IDENTIFIER = "Gokul-K-Narasimhan.WordParsingTests";
				PRODUCT_NAME = "$(TARGET_NAME)";
				SWIFT_VERSION = 5.0;
				TARGETED_DEVICE_FAMILY = "1,2";
				TEST_HOST = "$(BUILT_PRODUCTS_DIR)/WordParsing.app/WordParsing";
			};
			name = Debug;
		};
		90034BA6228F7CC100884E5C /* Release */ = {
			isa = XCBuildConfiguration;
			buildSettings = {
				ALWAYS_EMBED_SWIFT_STANDARD_LIBRARIES = YES;
				BUNDLE_LOADER = "$(TEST_HOST)";
				CODE_SIGN_STYLE = Automatic;
				DEVELOPMENT_TEAM = RTEDH52U6R;
				INFOPLIST_FILE = WordParsingTests/Info.plist;
				LD_RUNPATH_SEARCH_PATHS = (
					"$(inherited)",
					"@executable_path/Frameworks",
					"@loader_path/Frameworks",
				);
				PRODUCT_BUNDLE_IDENTIFIER = "Gokul-K-Narasimhan.WordParsingTests";
				PRODUCT_NAME = "$(TARGET_NAME)";
				SWIFT_VERSION = 5.0;
				TARGETED_DEVICE_FAMILY = "1,2";
				TEST_HOST = "$(BUILT_PRODUCTS_DIR)/WordParsing.app/WordParsing";
			};
			name = Release;
		};
		90034BA8228F7CC100884E5C /* Debug */ = {
			isa = XCBuildConfiguration;
			buildSettings = {
				ALWAYS_EMBED_SWIFT_STANDARD_LIBRARIES = YES;
				CODE_SIGN_STYLE = Automatic;
				DEVELOPMENT_TEAM = RTEDH52U6R;
				INFOPLIST_FILE = WordParsingUITests/Info.plist;
				LD_RUNPATH_SEARCH_PATHS = (
					"$(inherited)",
					"@executable_path/Frameworks",
					"@loader_path/Frameworks",
				);
				PRODUCT_BUNDLE_IDENTIFIER = "Gokul-K-Narasimhan.WordParsingUITests";
				PRODUCT_NAME = "$(TARGET_NAME)";
				SWIFT_VERSION = 5.0;
				TARGETED_DEVICE_FAMILY = "1,2";
				TEST_TARGET_NAME = WordParsing;
			};
			name = Debug;
		};
		90034BA9228F7CC100884E5C /* Release */ = {
			isa = XCBuildConfiguration;
			buildSettings = {
				ALWAYS_EMBED_SWIFT_STANDARD_LIBRARIES = YES;
				CODE_SIGN_STYLE = Automatic;
				DEVELOPMENT_TEAM = RTEDH52U6R;
				INFOPLIST_FILE = WordParsingUITests/Info.plist;
				LD_RUNPATH_SEARCH_PATHS = (
					"$(inherited)",
					"@executable_path/Frameworks",
					"@loader_path/Frameworks",
				);
				PRODUCT_BUNDLE_IDENTIFIER = "Gokul-K-Narasimhan.WordParsingUITests";
				PRODUCT_NAME = "$(TARGET_NAME)";
				SWIFT_VERSION = 5.0;
				TARGETED_DEVICE_FAMILY = "1,2";
				TEST_TARGET_NAME = WordParsing;
			};
			name = Release;
		};
/* End XCBuildConfiguration section */

/* Begin XCConfigurationList section */
		90034B74228F7CC000884E5C /* Build configuration list for PBXProject "WordParsing" */ = {
			isa = XCConfigurationList;
			buildConfigurations = (
				90034B9F228F7CC100884E5C /* Debug */,
				90034BA0228F7CC100884E5C /* Release */,
			);
			defaultConfigurationIsVisible = 0;
			defaultConfigurationName = Release;
		};
		90034BA1228F7CC100884E5C /* Build configuration list for PBXNativeTarget "WordParsing" */ = {
			isa = XCConfigurationList;
			buildConfigurations = (
				90034BA2228F7CC100884E5C /* Debug */,
				90034BA3228F7CC100884E5C /* Release */,
			);
			defaultConfigurationIsVisible = 0;
			defaultConfigurationName = Release;
		};
		90034BA4228F7CC100884E5C /* Build configuration list for PBXNativeTarget "WordParsingTests" */ = {
			isa = XCConfigurationList;
			buildConfigurations = (
				90034BA5228F7CC100884E5C /* Debug */,
				90034BA6228F7CC100884E5C /* Release */,
			);
			defaultConfigurationIsVisible = 0;
			defaultConfigurationName = Release;
		};
		90034BA7228F7CC100884E5C /* Build configuration list for PBXNativeTarget "WordParsingUITests" */ = {
			isa = XCConfigurationList;
			buildConfigurations = (
				90034BA8228F7CC100884E5C /* Debug */,
				90034BA9228F7CC100884E5C /* Release */,
			);
			defaultConfigurationIsVisible = 0;
			defaultConfigurationName = Release;
		};
/* End XCConfigurationList section */
	};
	rootObject = 90034B71228F7CC000884E5C /* Project object */;
}
